
Microsoft Visual Studio Solution File, Format Version 12.00
# Visual Studio Version 16
VisualStudioVersion = 16.0.31624.102
MinimumVisualStudioVersion = 10.0.40219.1
Project("{FAE04EC0-301F-11D3-BF4B-00C04F79EFBC}") = "Ejecicio16", "Ejecicio16\Ejecicio16.csproj", "{12290F42-2551-4310-8192-AEA442BF68CE}"
EndProject
Global
	GlobalSection(SolutionConfigurationPlatforms) = preSolution
		Debug|Any CPU = Debug|Any CPU
		Release|Any CPU = Release|Any CPU
	EndGlobalSection
	GlobalSection(ProjectConfigurationPlatforms) = postSolution
		{12290F42-2551-4310-8192-AEA442BF68CE}.Debug|Any CPU.ActiveCfg = Debug|Any CPU
		{12290F42-2551-4310-8192-AEA442BF68CE}.Debug|Any CPU.Build.0 = Debug|Any CPU
		{12290F42-2551-4310-8192-AEA442BF68CE}.Release|Any CPU.ActiveCfg = Release|Any CPU
		{12290F42-2551-4310-8192-AEA442BF68CE}.Release|Any CPU.Build.0 = Release|Any CPU
	EndGlobalSection
	GlobalSection(SolutionProperties) = preSolution
		HideSolutionNode = FALSE
	EndGlobalSection
	GlobalSection(ExtensibilityGlobals) = postSolution
		SolutionGuid = {6D083F9C-BE4B-4DB3-A34D-D41E6F222A94}
	EndGlobalSection
EndGlobal
