
Microsoft Visual Studio Solution File, Format Version 12.00
# Visual Studio Version 16
VisualStudioVersion = 16.0.31702.278
MinimumVisualStudioVersion = 10.0.40219.1
Project("{FAE04EC0-301F-11D3-BF4B-00C04F79EFBC}") = "Ejercicio 7", "Ejercicio 7\Ejercicio 7.csproj", "{60FCA4AE-CAA3-48A4-AC38-DA10B1EC4AFD}"
EndProject
Global
	GlobalSection(SolutionConfigurationPlatforms) = preSolution
		Debug|Any CPU = Debug|Any CPU
		Release|Any CPU = Release|Any CPU
	EndGlobalSection
	GlobalSection(ProjectConfigurationPlatforms) = postSolution
		{60FCA4AE-CAA3-48A4-AC38-DA10B1EC4AFD}.Debug|Any CPU.ActiveCfg = Debug|Any CPU
		{60FCA4AE-CAA3-48A4-AC38-DA10B1EC4AFD}.Debug|Any CPU.Build.0 = Debug|Any CPU
		{60FCA4AE-CAA3-48A4-AC38-DA10B1EC4AFD}.Release|Any CPU.ActiveCfg = Release|Any CPU
		{60FCA4AE-CAA3-48A4-AC38-DA10B1EC4AFD}.Release|Any CPU.Build.0 = Release|Any CPU
	EndGlobalSection
	GlobalSection(SolutionProperties) = preSolution
		HideSolutionNode = FALSE
	EndGlobalSection
	GlobalSection(ExtensibilityGlobals) = postSolution
		SolutionGuid = {06D0EC7F-F70B-45B8-A551-078F4D05E7A5}
	EndGlobalSection
EndGlobal
